// !$*UTF8*$!
{
	archiveVersion = 1;
	classes = {
	};
	objectVersion = 46;
	objects = {

/* Begin PBXBuildFile section */
		8230703E21A5FECE00551BE1 /* Similar.swift in Sources */ = {isa = PBXBuildFile; fileRef = 8230703D21A5FECE00551BE1 /* Similar.swift */; };
		8230704021A6006700551BE1 /* Swift+Similar.swift in Sources */ = {isa = PBXBuildFile; fileRef = 8230703F21A6006700551BE1 /* Swift+Similar.swift */; };
		8230704321A60E8B00551BE1 /* Array.swift in Sources */ = {isa = PBXBuildFile; fileRef = 8230704221A60E8B00551BE1 /* Array.swift */; };
		8230704521A612A600551BE1 /* LazyCollection.swift in Sources */ = {isa = PBXBuildFile; fileRef = 8230704421A612A500551BE1 /* LazyCollection.swift */; };
		8230704721A612CA00551BE1 /* Set.swift in Sources */ = {isa = PBXBuildFile; fileRef = 8230704621A612CA00551BE1 /* Set.swift */; };
		8230704921A612E700551BE1 /* Dictionary.swift in Sources */ = {isa = PBXBuildFile; fileRef = 8230704821A612E700551BE1 /* Dictionary.swift */; };
		8230706821A62CF500551BE1 /* SwiftXtend.framework in Frameworks */ = {isa = PBXBuildFile; fileRef = FR_89FD787D53AB9B3BD829E821B8C1438E /* SwiftXtend.framework */; };
		825C1E2821AC3CE90080D384 /* CG+Interpolable.swift in Sources */ = {isa = PBXBuildFile; fileRef = 825C1E2721AC3CE90080D384 /* CG+Interpolable.swift */; };
		825C1E2A21AC3F930080D384 /* UIKit+Interpolable.swift in Sources */ = {isa = PBXBuildFile; fileRef = 825C1E2921AC3F930080D384 /* UIKit+Interpolable.swift */; };
		825C1E2C21AC436F0080D384 /* CG+Similar.swift in Sources */ = {isa = PBXBuildFile; fileRef = 825C1E2B21AC436F0080D384 /* CG+Similar.swift */; };
		825C1E3221AC43DE0080D384 /* UIKit+Similar.swift in Sources */ = {isa = PBXBuildFile; fileRef = 825C1E3121AC43DE0080D384 /* UIKit+Similar.swift */; };
		828727E621AD339A00819150 /* UIKit+Randomizable.swift in Sources */ = {isa = PBXBuildFile; fileRef = 828727E521AD339A00819150 /* UIKit+Randomizable.swift */; };
		82B180CD21AAD6F70096F7F0 /* Pair.swift in Sources */ = {isa = PBXBuildFile; fileRef = 82B180CC21AAD6F70096F7F0 /* Pair.swift */; };
		82B180CF21AAD9F00096F7F0 /* Geohash.swift in Sources */ = {isa = PBXBuildFile; fileRef = 82B180CE21AAD9F00096F7F0 /* Geohash.swift */; };
		82B180D221AAF14C0096F7F0 /* Geohash_Spec.swift in Sources */ = {isa = PBXBuildFile; fileRef = 82B180D121AAF14C0096F7F0 /* Geohash_Spec.swift */; };
		82B180D421AAF5210096F7F0 /* Ticker.swift in Sources */ = {isa = PBXBuildFile; fileRef = 82B180D321AAF5210096F7F0 /* Ticker.swift */; };
		82B180D621AAF9BC0096F7F0 /* Either.swift in Sources */ = {isa = PBXBuildFile; fileRef = 82B180D521AAF9BC0096F7F0 /* Either.swift */; };
		82B180D821AAFBFB0096F7F0 /* Hash.swift in Sources */ = {isa = PBXBuildFile; fileRef = 82B180D721AAFBFB0096F7F0 /* Hash.swift */; };
		82D6371A21AEDCBF001B3E30 /* NSWrapper.swift in Sources */ = {isa = PBXBuildFile; fileRef = 82D6371921AEDCBF001B3E30 /* NSWrapper.swift */; };
		82E645A921A6307D00F676E0 /* Similar_Spec.swift in Sources */ = {isa = PBXBuildFile; fileRef = 82E645A821A6307C00F676E0 /* Similar_Spec.swift */; };
		82E645AD21A6CC7000F676E0 /* Randomizable.swift in Sources */ = {isa = PBXBuildFile; fileRef = 82E645AC21A6CC7000F676E0 /* Randomizable.swift */; };
		82E645AF21A6CCDD00F676E0 /* Swift+Randomizable.swift in Sources */ = {isa = PBXBuildFile; fileRef = 82E645AE21A6CCDC00F676E0 /* Swift+Randomizable.swift */; };
		82E645B121A6CDA100F676E0 /* Collection+Randomizable.swift in Sources */ = {isa = PBXBuildFile; fileRef = 82E645B021A6CDA100F676E0 /* Collection+Randomizable.swift */; };
		82E645B421A6E01B00F676E0 /* String.swift in Sources */ = {isa = PBXBuildFile; fileRef = 82E645B321A6E01B00F676E0 /* String.swift */; };
		82E645BB21A6E60A00F676E0 /* Range+Randomizable.swift in Sources */ = {isa = PBXBuildFile; fileRef = 82E645BA21A6E60A00F676E0 /* Range+Randomizable.swift */; };
		82E645BD21A6ECA900F676E0 /* Range.swift in Sources */ = {isa = PBXBuildFile; fileRef = 82E645BC21A6ECA900F676E0 /* Range.swift */; };
		82E645BF21A752BE00F676E0 /* Int.swift in Sources */ = {isa = PBXBuildFile; fileRef = 82E645BE21A752BE00F676E0 /* Int.swift */; };
		82E645C121A754B000F676E0 /* UInt.swift in Sources */ = {isa = PBXBuildFile; fileRef = 82E645C021A754B000F676E0 /* UInt.swift */; };
		82E645C321A754D300F676E0 /* Float.swift in Sources */ = {isa = PBXBuildFile; fileRef = 82E645C221A754D300F676E0 /* Float.swift */; };
		82E645C521A754EF00F676E0 /* Double.swift in Sources */ = {isa = PBXBuildFile; fileRef = 82E645C421A754EF00F676E0 /* Double.swift */; };
		82E645C721A7550C00F676E0 /* Decimal.swift in Sources */ = {isa = PBXBuildFile; fileRef = 82E645C621A7550C00F676E0 /* Decimal.swift */; };
		82F5196121A89290008A4DEC /* Interpolable.swift in Sources */ = {isa = PBXBuildFile; fileRef = 82F5196021A89290008A4DEC /* Interpolable.swift */; };
		82F5196321A91E29008A4DEC /* Swift+Interpolable.swift in Sources */ = {isa = PBXBuildFile; fileRef = 82F5196221A91E29008A4DEC /* Swift+Interpolable.swift */; };
		82F5196521A920B7008A4DEC /* Date.swift in Sources */ = {isa = PBXBuildFile; fileRef = 82F5196421A920B7008A4DEC /* Date.swift */; };
		82F5196721A959A2008A4DEC /* Bundle.swift in Sources */ = {isa = PBXBuildFile; fileRef = 82F5196621A959A2008A4DEC /* Bundle.swift */; };
		82F5196A21A96627008A4DEC /* Identifiable.swift in Sources */ = {isa = PBXBuildFile; fileRef = 82F5196921A96627008A4DEC /* Identifiable.swift */; };
		82F5196D21A96832008A4DEC /* Initializable.swift in Sources */ = {isa = PBXBuildFile; fileRef = 82F5196C21A96832008A4DEC /* Initializable.swift */; };
		82F5196F21A9683B008A4DEC /* Swift+Initializable.swift in Sources */ = {isa = PBXBuildFile; fileRef = 82F5196E21A9683B008A4DEC /* Swift+Initializable.swift */; };
		82F5197421A9CBF5008A4DEC /* Array_Spec.swift in Sources */ = {isa = PBXBuildFile; fileRef = 82F5197321A9CBF5008A4DEC /* Array_Spec.swift */; };
		82F5197821A9D4E3008A4DEC /* Bool.swift in Sources */ = {isa = PBXBuildFile; fileRef = 82F5197721A9D4E3008A4DEC /* Bool.swift */; };
		82F5197A21A9E3B5008A4DEC /* Calendar.swift in Sources */ = {isa = PBXBuildFile; fileRef = 82F5197921A9E3B5008A4DEC /* Calendar.swift */; };
		82F5197C21A9E81E008A4DEC /* TimeZone.swift in Sources */ = {isa = PBXBuildFile; fileRef = 82F5197B21A9E81E008A4DEC /* TimeZone.swift */; };
		82F5197F21A9EF14008A4DEC /* UInt+Conversion.swift in Sources */ = {isa = PBXBuildFile; fileRef = 82F5197E21A9EF14008A4DEC /* UInt+Conversion.swift */; };
		82F5198121A9F14D008A4DEC /* Bool+Conversion.swift in Sources */ = {isa = PBXBuildFile; fileRef = 82F5198021A9F14D008A4DEC /* Bool+Conversion.swift */; };
		82F5198321A9F196008A4DEC /* Int+Conversion.swift in Sources */ = {isa = PBXBuildFile; fileRef = 82F5198221A9F196008A4DEC /* Int+Conversion.swift */; };
		82F5198521A9F27F008A4DEC /* Float+Conversion.swift in Sources */ = {isa = PBXBuildFile; fileRef = 82F5198421A9F27F008A4DEC /* Float+Conversion.swift */; };
		82F5198721A9F2B2008A4DEC /* Double+Conversion.swift in Sources */ = {isa = PBXBuildFile; fileRef = 82F5198621A9F2B2008A4DEC /* Double+Conversion.swift */; };
		82F5198921A9F2E3008A4DEC /* Decimal+Conversion.swift in Sources */ = {isa = PBXBuildFile; fileRef = 82F5198821A9F2E3008A4DEC /* Decimal+Conversion.swift */; };
		82F5198B21A9FD50008A4DEC /* DispatchQueue.swift in Sources */ = {isa = PBXBuildFile; fileRef = 82F5198A21A9FD50008A4DEC /* DispatchQueue.swift */; };
		82F5198D21A9FF41008A4DEC /* IndexPath.swift in Sources */ = {isa = PBXBuildFile; fileRef = 82F5198C21A9FF41008A4DEC /* IndexPath.swift */; };
		82F5199021AA0BA7008A4DEC /* String_Spec.swift in Sources */ = {isa = PBXBuildFile; fileRef = 82F5198F21AA0BA7008A4DEC /* String_Spec.swift */; };
		82F5199321AA0F31008A4DEC /* Global.swift in Sources */ = {isa = PBXBuildFile; fileRef = 82F5199121AA0E1A008A4DEC /* Global.swift */; };
		B014336BE65BEA62B7D5E2AD /* Pods_SwiftXtend_Tests_iOS.framework in Frameworks */ = {isa = PBXBuildFile; fileRef = 09CA3C09A8733C16950C7555 /* Pods_SwiftXtend_Tests_iOS.framework */; };
		BF_B8E6FAD24D40296980B30B6452299203 /* SwiftXtend.h in Headers */ = {isa = PBXBuildFile; fileRef = FR_FA45808725058F087CB0698522C7039B /* SwiftXtend.h */; settings = {ATTRIBUTES = (Public, ); }; };
		EB0C0C1F70695CD7E7AADFA9 /* Pods_SwiftXtend_iOS.framework in Frameworks */ = {isa = PBXBuildFile; fileRef = 3F46559B6B58C4F33927344B /* Pods_SwiftXtend_iOS.framework */; };
/* End PBXBuildFile section */

/* Begin PBXContainerItemProxy section */
		8230706921A62CF500551BE1 /* PBXContainerItemProxy */ = {
			isa = PBXContainerItemProxy;
			containerPortal = P_3834EB9500FA4BF18B1AA8EEAA275A93 /* Project object */;
			proxyType = 1;
			remoteGlobalIDString = NT_8FFC58ABC3FA0A08C0E9B522E7D6AAE8;
			remoteInfo = "Swifty-iOS";
		};
/* End PBXContainerItemProxy section */

/* Begin PBXFileReference section */
		09CA3C09A8733C16950C7555 /* Pods_SwiftXtend_Tests_iOS.framework */ = {isa = PBXFileReference; explicitFileType = wrapper.framework; includeInIndex = 0; path = Pods_SwiftXtend_Tests_iOS.framework; sourceTree = BUILT_PRODUCTS_DIR; };
		3ABCF013B323D3945EC4EFA8 /* Pods-SwiftXtend-Tests-iOS.debug.xcconfig */ = {isa = PBXFileReference; includeInIndex = 1; lastKnownFileType = text.xcconfig; name = "Pods-SwiftXtend-Tests-iOS.debug.xcconfig"; path = "Pods/Target Support Files/Pods-SwiftXtend-Tests-iOS/Pods-SwiftXtend-Tests-iOS.debug.xcconfig"; sourceTree = "<group>"; };
		3F46559B6B58C4F33927344B /* Pods_SwiftXtend_iOS.framework */ = {isa = PBXFileReference; explicitFileType = wrapper.framework; includeInIndex = 0; path = Pods_SwiftXtend_iOS.framework; sourceTree = BUILT_PRODUCTS_DIR; };
		66A8DDB16546E4F8584FDF3B /* Pods-SwiftXtend-iOS.debug.xcconfig */ = {isa = PBXFileReference; includeInIndex = 1; lastKnownFileType = text.xcconfig; name = "Pods-SwiftXtend-iOS.debug.xcconfig"; path = "Pods/Target Support Files/Pods-SwiftXtend-iOS/Pods-SwiftXtend-iOS.debug.xcconfig"; sourceTree = "<group>"; };
		8230703D21A5FECE00551BE1 /* Similar.swift */ = {isa = PBXFileReference; lastKnownFileType = sourcecode.swift; path = Similar.swift; sourceTree = "<group>"; };
		8230703F21A6006700551BE1 /* Swift+Similar.swift */ = {isa = PBXFileReference; lastKnownFileType = sourcecode.swift; path = "Swift+Similar.swift"; sourceTree = "<group>"; };
		8230704221A60E8B00551BE1 /* Array.swift */ = {isa = PBXFileReference; lastKnownFileType = sourcecode.swift; path = Array.swift; sourceTree = "<group>"; };
		8230704421A612A500551BE1 /* LazyCollection.swift */ = {isa = PBXFileReference; lastKnownFileType = sourcecode.swift; path = LazyCollection.swift; sourceTree = "<group>"; };
		8230704621A612CA00551BE1 /* Set.swift */ = {isa = PBXFileReference; lastKnownFileType = sourcecode.swift; path = Set.swift; sourceTree = "<group>"; };
		8230704821A612E700551BE1 /* Dictionary.swift */ = {isa = PBXFileReference; lastKnownFileType = sourcecode.swift; path = Dictionary.swift; sourceTree = "<group>"; };
		8230706321A62CF500551BE1 /* SwiftXtend-Tests.xctest */ = {isa = PBXFileReference; explicitFileType = wrapper.cfbundle; includeInIndex = 0; path = "SwiftXtend-Tests.xctest"; sourceTree = BUILT_PRODUCTS_DIR; };
		8230706721A62CF500551BE1 /* Info.plist */ = {isa = PBXFileReference; lastKnownFileType = text.plist.xml; path = Info.plist; sourceTree = "<group>"; };
		825C1E2721AC3CE90080D384 /* CG+Interpolable.swift */ = {isa = PBXFileReference; lastKnownFileType = sourcecode.swift; path = "CG+Interpolable.swift"; sourceTree = "<group>"; };
		825C1E2921AC3F930080D384 /* UIKit+Interpolable.swift */ = {isa = PBXFileReference; lastKnownFileType = sourcecode.swift; path = "UIKit+Interpolable.swift"; sourceTree = "<group>"; };
		825C1E2B21AC436F0080D384 /* CG+Similar.swift */ = {isa = PBXFileReference; lastKnownFileType = sourcecode.swift; path = "CG+Similar.swift"; sourceTree = "<group>"; };
		825C1E3121AC43DE0080D384 /* UIKit+Similar.swift */ = {isa = PBXFileReference; lastKnownFileType = sourcecode.swift; path = "UIKit+Similar.swift"; sourceTree = "<group>"; };
		828727E521AD339A00819150 /* UIKit+Randomizable.swift */ = {isa = PBXFileReference; lastKnownFileType = sourcecode.swift; path = "UIKit+Randomizable.swift"; sourceTree = "<group>"; };
		82B180CC21AAD6F70096F7F0 /* Pair.swift */ = {isa = PBXFileReference; lastKnownFileType = sourcecode.swift; path = Pair.swift; sourceTree = "<group>"; };
		82B180CE21AAD9F00096F7F0 /* Geohash.swift */ = {isa = PBXFileReference; lastKnownFileType = sourcecode.swift; path = Geohash.swift; sourceTree = "<group>"; };
		82B180D121AAF14C0096F7F0 /* Geohash_Spec.swift */ = {isa = PBXFileReference; lastKnownFileType = sourcecode.swift; path = Geohash_Spec.swift; sourceTree = "<group>"; };
		82B180D321AAF5210096F7F0 /* Ticker.swift */ = {isa = PBXFileReference; lastKnownFileType = sourcecode.swift; path = Ticker.swift; sourceTree = "<group>"; };
		82B180D521AAF9BC0096F7F0 /* Either.swift */ = {isa = PBXFileReference; lastKnownFileType = sourcecode.swift; path = Either.swift; sourceTree = "<group>"; };
		82B180D721AAFBFB0096F7F0 /* Hash.swift */ = {isa = PBXFileReference; lastKnownFileType = sourcecode.swift; path = Hash.swift; sourceTree = "<group>"; };
		82D6371921AEDCBF001B3E30 /* NSWrapper.swift */ = {isa = PBXFileReference; lastKnownFileType = sourcecode.swift; path = NSWrapper.swift; sourceTree = "<group>"; };
		82E645A521A62FFA00F676E0 /* Nimble.framework */ = {isa = PBXFileReference; explicitFileType = wrapper.framework; path = Nimble.framework; sourceTree = BUILT_PRODUCTS_DIR; };
		82E645A821A6307C00F676E0 /* Similar_Spec.swift */ = {isa = PBXFileReference; lastKnownFileType = sourcecode.swift; path = Similar_Spec.swift; sourceTree = "<group>"; };
		82E645AC21A6CC7000F676E0 /* Randomizable.swift */ = {isa = PBXFileReference; lastKnownFileType = sourcecode.swift; path = Randomizable.swift; sourceTree = "<group>"; };
		82E645AE21A6CCDC00F676E0 /* Swift+Randomizable.swift */ = {isa = PBXFileReference; lastKnownFileType = sourcecode.swift; path = "Swift+Randomizable.swift"; sourceTree = "<group>"; };
		82E645B021A6CDA100F676E0 /* Collection+Randomizable.swift */ = {isa = PBXFileReference; lastKnownFileType = sourcecode.swift; path = "Collection+Randomizable.swift"; sourceTree = "<group>"; };
		82E645B321A6E01B00F676E0 /* String.swift */ = {isa = PBXFileReference; lastKnownFileType = sourcecode.swift; path = String.swift; sourceTree = "<group>"; };
		82E645BA21A6E60A00F676E0 /* Range+Randomizable.swift */ = {isa = PBXFileReference; lastKnownFileType = sourcecode.swift; path = "Range+Randomizable.swift"; sourceTree = "<group>"; };
		82E645BC21A6ECA900F676E0 /* Range.swift */ = {isa = PBXFileReference; lastKnownFileType = sourcecode.swift; path = Range.swift; sourceTree = "<group>"; };
		82E645BE21A752BE00F676E0 /* Int.swift */ = {isa = PBXFileReference; lastKnownFileType = sourcecode.swift; path = Int.swift; sourceTree = "<group>"; };
		82E645C021A754B000F676E0 /* UInt.swift */ = {isa = PBXFileReference; lastKnownFileType = sourcecode.swift; path = UInt.swift; sourceTree = "<group>"; };
		82E645C221A754D300F676E0 /* Float.swift */ = {isa = PBXFileReference; lastKnownFileType = sourcecode.swift; path = Float.swift; sourceTree = "<group>"; };
		82E645C421A754EF00F676E0 /* Double.swift */ = {isa = PBXFileReference; lastKnownFileType = sourcecode.swift; path = Double.swift; sourceTree = "<group>"; };
		82E645C621A7550C00F676E0 /* Decimal.swift */ = {isa = PBXFileReference; lastKnownFileType = sourcecode.swift; path = Decimal.swift; sourceTree = "<group>"; };
		82F5196021A89290008A4DEC /* Interpolable.swift */ = {isa = PBXFileReference; lastKnownFileType = sourcecode.swift; path = Interpolable.swift; sourceTree = "<group>"; };
		82F5196221A91E29008A4DEC /* Swift+Interpolable.swift */ = {isa = PBXFileReference; lastKnownFileType = sourcecode.swift; path = "Swift+Interpolable.swift"; sourceTree = "<group>"; };
		82F5196421A920B7008A4DEC /* Date.swift */ = {isa = PBXFileReference; lastKnownFileType = sourcecode.swift; path = Date.swift; sourceTree = "<group>"; };
		82F5196621A959A2008A4DEC /* Bundle.swift */ = {isa = PBXFileReference; lastKnownFileType = sourcecode.swift; path = Bundle.swift; sourceTree = "<group>"; };
		82F5196921A96627008A4DEC /* Identifiable.swift */ = {isa = PBXFileReference; lastKnownFileType = sourcecode.swift; path = Identifiable.swift; sourceTree = "<group>"; };
		82F5196C21A96832008A4DEC /* Initializable.swift */ = {isa = PBXFileReference; lastKnownFileType = sourcecode.swift; path = Initializable.swift; sourceTree = "<group>"; };
		82F5196E21A9683B008A4DEC /* Swift+Initializable.swift */ = {isa = PBXFileReference; lastKnownFileType = sourcecode.swift; path = "Swift+Initializable.swift"; sourceTree = "<group>"; };
		82F5197321A9CBF5008A4DEC /* Array_Spec.swift */ = {isa = PBXFileReference; lastKnownFileType = sourcecode.swift; path = Array_Spec.swift; sourceTree = "<group>"; };
		82F5197721A9D4E3008A4DEC /* Bool.swift */ = {isa = PBXFileReference; lastKnownFileType = sourcecode.swift; path = Bool.swift; sourceTree = "<group>"; };
		82F5197921A9E3B5008A4DEC /* Calendar.swift */ = {isa = PBXFileReference; lastKnownFileType = sourcecode.swift; path = Calendar.swift; sourceTree = "<group>"; };
		82F5197B21A9E81E008A4DEC /* TimeZone.swift */ = {isa = PBXFileReference; lastKnownFileType = sourcecode.swift; path = TimeZone.swift; sourceTree = "<group>"; };
		82F5197E21A9EF14008A4DEC /* UInt+Conversion.swift */ = {isa = PBXFileReference; lastKnownFileType = sourcecode.swift; path = "UInt+Conversion.swift"; sourceTree = "<group>"; };
		82F5198021A9F14D008A4DEC /* Bool+Conversion.swift */ = {isa = PBXFileReference; lastKnownFileType = sourcecode.swift; path = "Bool+Conversion.swift"; sourceTree = "<group>"; };
		82F5198221A9F196008A4DEC /* Int+Conversion.swift */ = {isa = PBXFileReference; lastKnownFileType = sourcecode.swift; path = "Int+Conversion.swift"; sourceTree = "<group>"; };
		82F5198421A9F27F008A4DEC /* Float+Conversion.swift */ = {isa = PBXFileReference; lastKnownFileType = sourcecode.swift; path = "Float+Conversion.swift"; sourceTree = "<group>"; };
		82F5198621A9F2B2008A4DEC /* Double+Conversion.swift */ = {isa = PBXFileReference; lastKnownFileType = sourcecode.swift; path = "Double+Conversion.swift"; sourceTree = "<group>"; };
		82F5198821A9F2E3008A4DEC /* Decimal+Conversion.swift */ = {isa = PBXFileReference; lastKnownFileType = sourcecode.swift; path = "Decimal+Conversion.swift"; sourceTree = "<group>"; };
		82F5198A21A9FD50008A4DEC /* DispatchQueue.swift */ = {isa = PBXFileReference; lastKnownFileType = sourcecode.swift; path = DispatchQueue.swift; sourceTree = "<group>"; };
		82F5198C21A9FF41008A4DEC /* IndexPath.swift */ = {isa = PBXFileReference; lastKnownFileType = sourcecode.swift; path = IndexPath.swift; sourceTree = "<group>"; };
		82F5198F21AA0BA7008A4DEC /* String_Spec.swift */ = {isa = PBXFileReference; lastKnownFileType = sourcecode.swift; path = String_Spec.swift; sourceTree = "<group>"; };
		82F5199121AA0E1A008A4DEC /* Global.swift */ = {isa = PBXFileReference; lastKnownFileType = sourcecode.swift; path = Global.swift; sourceTree = "<group>"; };
		A2F57FBB04938C73852B989F /* Pods-SwiftXtend-Tests-iOS.release.xcconfig */ = {isa = PBXFileReference; includeInIndex = 1; lastKnownFileType = text.xcconfig; name = "Pods-SwiftXtend-Tests-iOS.release.xcconfig"; path = "Pods/Target Support Files/Pods-SwiftXtend-Tests-iOS/Pods-SwiftXtend-Tests-iOS.release.xcconfig"; sourceTree = "<group>"; };
		DD59F9B03FB15F0DAFC51568 /* Pods-SwiftXtend-iOS.release.xcconfig */ = {isa = PBXFileReference; includeInIndex = 1; lastKnownFileType = text.xcconfig; name = "Pods-SwiftXtend-iOS.release.xcconfig"; path = "Pods/Target Support Files/Pods-SwiftXtend-iOS/Pods-SwiftXtend-iOS.release.xcconfig"; sourceTree = "<group>"; };
		FR_02789A7346694959C680F6D6B0E6E780 /* .swift-version */ = {isa = PBXFileReference; lastKnownFileType = text; path = ".swift-version"; sourceTree = "<group>"; };
		FR_33A93D9DFBF24141D41B1FBBCDEBBDED /* Info.plist */ = {isa = PBXFileReference; lastKnownFileType = text.plist.xml; path = Info.plist; sourceTree = "<group>"; };
		FR_68E7DAD0A9190ECEB481F4F6C6051507 /* README.md */ = {isa = PBXFileReference; lastKnownFileType = net.daringfireball.markdown; path = README.md; sourceTree = "<group>"; };
		FR_69566F9D420EC70CAA9A1CE51CFD138C /* .gitignore */ = {isa = PBXFileReference; lastKnownFileType = text; path = .gitignore; sourceTree = "<group>"; };
		FR_89FD787D53AB9B3BD829E821B8C1438E /* SwiftXtend.framework */ = {isa = PBXFileReference; explicitFileType = wrapper.framework; includeInIndex = 0; path = SwiftXtend.framework; sourceTree = BUILT_PRODUCTS_DIR; };
		FR_A3256462B1201D5DCE11D6ABB4F45450 /* .swiftlint.yml */ = {isa = PBXFileReference; lastKnownFileType = text; path = .swiftlint.yml; sourceTree = "<group>"; };
		FR_ADF4996BD631C22D6569A3CC6389AD43 /* Playground.playground */ = {isa = PBXFileReference; lastKnownFileType = file.playground; path = Playground.playground; sourceTree = "<group>"; };
		FR_AE9B61E65596EDDA90108FA46A9A8A7D /* Podfile */ = {isa = PBXFileReference; lastKnownFileType = text; path = Podfile; sourceTree = "<group>"; xcLanguageSpecificationIdentifier = xcode.lang.ruby; };
		FR_BD69130797C2062473AA3333C97D522E /* SwiftXtend.podspec */ = {isa = PBXFileReference; lastKnownFileType = text; path = SwiftXtend.podspec; sourceTree = "<group>"; xcLanguageSpecificationIdentifier = xcode.lang.ruby; };
		FR_FA45808725058F087CB0698522C7039B /* SwiftXtend.h */ = {isa = PBXFileReference; lastKnownFileType = sourcecode.c.h; path = SwiftXtend.h; sourceTree = "<group>"; };
		FR_FEC99F7E256A86688D0DB83E64A26838 /* LICENSE */ = {isa = PBXFileReference; lastKnownFileType = text; path = LICENSE; sourceTree = "<group>"; };
/* End PBXFileReference section */

/* Begin PBXFrameworksBuildPhase section */
		8230706021A62CF500551BE1 /* Frameworks */ = {
			isa = PBXFrameworksBuildPhase;
			buildActionMask = 2147483647;
			files = (
				8230706821A62CF500551BE1 /* SwiftXtend.framework in Frameworks */,
				B014336BE65BEA62B7D5E2AD /* Pods_SwiftXtend_Tests_iOS.framework in Frameworks */,
			);
			runOnlyForDeploymentPostprocessing = 0;
		};
		EC81A7C39D81BA8D046502CC /* Frameworks */ = {
			isa = PBXFrameworksBuildPhase;
			buildActionMask = 2147483647;
			files = (
				EB0C0C1F70695CD7E7AADFA9 /* Pods_SwiftXtend_iOS.framework in Frameworks */,
			);
			runOnlyForDeploymentPostprocessing = 0;
		};
/* End PBXFrameworksBuildPhase section */

/* Begin PBXGroup section */
		0485105589EF5BAFCD525043 /* Pods */ = {
			isa = PBXGroup;
			children = (
				3ABCF013B323D3945EC4EFA8 /* Pods-SwiftXtend-Tests-iOS.debug.xcconfig */,
				A2F57FBB04938C73852B989F /* Pods-SwiftXtend-Tests-iOS.release.xcconfig */,
				66A8DDB16546E4F8584FDF3B /* Pods-SwiftXtend-iOS.debug.xcconfig */,
				DD59F9B03FB15F0DAFC51568 /* Pods-SwiftXtend-iOS.release.xcconfig */,
			);
			name = Pods;
			sourceTree = "<group>";
		};
		1203F9E9DA56D0D4FA2BB66F /* Frameworks */ = {
			isa = PBXGroup;
			children = (
				82E645A521A62FFA00F676E0 /* Nimble.framework */,
				09CA3C09A8733C16950C7555 /* Pods_SwiftXtend_Tests_iOS.framework */,
				3F46559B6B58C4F33927344B /* Pods_SwiftXtend_iOS.framework */,
			);
			name = Frameworks;
			sourceTree = "<group>";
		};
		8230703B21A5E0A200551BE1 /* Meta */ = {
			isa = PBXGroup;
			children = (
				FR_69566F9D420EC70CAA9A1CE51CFD138C /* .gitignore */,
				FR_02789A7346694959C680F6D6B0E6E780 /* .swift-version */,
				FR_A3256462B1201D5DCE11D6ABB4F45450 /* .swiftlint.yml */,
				FR_AE9B61E65596EDDA90108FA46A9A8A7D /* Podfile */,
				FR_BD69130797C2062473AA3333C97D522E /* SwiftXtend.podspec */,
				FR_FEC99F7E256A86688D0DB83E64A26838 /* LICENSE */,
				FR_68E7DAD0A9190ECEB481F4F6C6051507 /* README.md */,
			);
			name = Meta;
			sourceTree = "<group>";
		};
		8230703C21A5FEB800551BE1 /* Operators */ = {
			isa = PBXGroup;
			children = (
				82F5195F21A8926E008A4DEC /* Interpolable */,
				82E645AA21A6C42300F676E0 /* Similar */,
			);
			path = Operators;
			sourceTree = "<group>";
		};
		8230704121A60E7300551BE1 /* Collections */ = {
			isa = PBXGroup;
			children = (
				8230704221A60E8B00551BE1 /* Array.swift */,
				8230704821A612E700551BE1 /* Dictionary.swift */,
				8230704421A612A500551BE1 /* LazyCollection.swift */,
				8230704621A612CA00551BE1 /* Set.swift */,
			);
			path = Collections;
			sourceTree = "<group>";
		};
		8230706421A62CF500551BE1 /* Tests */ = {
			isa = PBXGroup;
			children = (
				8230706721A62CF500551BE1 /* Info.plist */,
				82B180D021AAF1320096F7F0 /* Classes */,
				82F5197221A9CBC1008A4DEC /* Collections */,
				82F5198E21AA0B96008A4DEC /* Swift */,
				82E645A721A6302100F676E0 /* Operators */,
			);
			path = Tests;
			sourceTree = "<group>";
		};
		82B180CB21AAD6680096F7F0 /* Classes */ = {
			isa = PBXGroup;
			children = (
				82B180D521AAF9BC0096F7F0 /* Either.swift */,
				82B180CE21AAD9F00096F7F0 /* Geohash.swift */,
				82B180D721AAFBFB0096F7F0 /* Hash.swift */,
				82D6371921AEDCBF001B3E30 /* NSWrapper.swift */,
				82B180CC21AAD6F70096F7F0 /* Pair.swift */,
				82B180D321AAF5210096F7F0 /* Ticker.swift */,
			);
			path = Classes;
			sourceTree = "<group>";
		};
		82B180D021AAF1320096F7F0 /* Classes */ = {
			isa = PBXGroup;
			children = (
				82B180D121AAF14C0096F7F0 /* Geohash_Spec.swift */,
			);
			path = Classes;
			sourceTree = "<group>";
		};
		82E645A721A6302100F676E0 /* Operators */ = {
			isa = PBXGroup;
			children = (
				82E645A821A6307C00F676E0 /* Similar_Spec.swift */,
			);
			path = Operators;
			sourceTree = "<group>";
		};
		82E645AA21A6C42300F676E0 /* Similar */ = {
			isa = PBXGroup;
			children = (
				8230703D21A5FECE00551BE1 /* Similar.swift */,
				8230703F21A6006700551BE1 /* Swift+Similar.swift */,
				825C1E2B21AC436F0080D384 /* CG+Similar.swift */,
				825C1E3121AC43DE0080D384 /* UIKit+Similar.swift */,
			);
			path = Similar;
			sourceTree = "<group>";
		};
		82E645AB21A6CC2000F676E0 /* Randomizable */ = {
			isa = PBXGroup;
			children = (
				82E645AC21A6CC7000F676E0 /* Randomizable.swift */,
				82E645AE21A6CCDC00F676E0 /* Swift+Randomizable.swift */,
				82E645B021A6CDA100F676E0 /* Collection+Randomizable.swift */,
				82E645BA21A6E60A00F676E0 /* Range+Randomizable.swift */,
				828727E521AD339A00819150 /* UIKit+Randomizable.swift */,
			);
			path = Randomizable;
			sourceTree = "<group>";
		};
		82E645B221A6E00100F676E0 /* Swift */ = {
			isa = PBXGroup;
			children = (
				82F5197721A9D4E3008A4DEC /* Bool.swift */,
				82F5196621A959A2008A4DEC /* Bundle.swift */,
				82F5197921A9E3B5008A4DEC /* Calendar.swift */,
				82F5196421A920B7008A4DEC /* Date.swift */,
				82E645C621A7550C00F676E0 /* Decimal.swift */,
				82E645C421A754EF00F676E0 /* Double.swift */,
				82E645C221A754D300F676E0 /* Float.swift */,
				82F5198C21A9FF41008A4DEC /* IndexPath.swift */,
				82E645BE21A752BE00F676E0 /* Int.swift */,
				82E645BC21A6ECA900F676E0 /* Range.swift */,
				82E645B321A6E01B00F676E0 /* String.swift */,
				82F5197B21A9E81E008A4DEC /* TimeZone.swift */,
				82E645C021A754B000F676E0 /* UInt.swift */,
				82F5198A21A9FD50008A4DEC /* DispatchQueue.swift */,
			);
			path = Swift;
			sourceTree = "<group>";
		};
		82F5195F21A8926E008A4DEC /* Interpolable */ = {
			isa = PBXGroup;
			children = (
				82F5196021A89290008A4DEC /* Interpolable.swift */,
				82F5196221A91E29008A4DEC /* Swift+Interpolable.swift */,
				825C1E2721AC3CE90080D384 /* CG+Interpolable.swift */,
				825C1E2921AC3F930080D384 /* UIKit+Interpolable.swift */,
			);
			path = Interpolable;
			sourceTree = "<group>";
		};
		82F5196821A96615008A4DEC /* Protocols */ = {
			isa = PBXGroup;
			children = (
				82F5196921A96627008A4DEC /* Identifiable.swift */,
				82F5196B21A96823008A4DEC /* Initializable */,
				82E645AB21A6CC2000F676E0 /* Randomizable */,
			);
			path = Protocols;
			sourceTree = "<group>";
		};
		82F5196B21A96823008A4DEC /* Initializable */ = {
			isa = PBXGroup;
			children = (
				82F5196C21A96832008A4DEC /* Initializable.swift */,
				82F5196E21A9683B008A4DEC /* Swift+Initializable.swift */,
			);
			path = Initializable;
			sourceTree = "<group>";
		};
		82F5197221A9CBC1008A4DEC /* Collections */ = {
			isa = PBXGroup;
			children = (
				82F5197321A9CBF5008A4DEC /* Array_Spec.swift */,
			);
			path = Collections;
			sourceTree = "<group>";
		};
		82F5197D21A9EE0C008A4DEC /* Conversions */ = {
			isa = PBXGroup;
			children = (
				82F5198021A9F14D008A4DEC /* Bool+Conversion.swift */,
				82F5197E21A9EF14008A4DEC /* UInt+Conversion.swift */,
				82F5198221A9F196008A4DEC /* Int+Conversion.swift */,
				82F5198421A9F27F008A4DEC /* Float+Conversion.swift */,
				82F5198621A9F2B2008A4DEC /* Double+Conversion.swift */,
				82F5198821A9F2E3008A4DEC /* Decimal+Conversion.swift */,
			);
			path = Conversions;
			sourceTree = "<group>";
		};
		82F5198E21AA0B96008A4DEC /* Swift */ = {
			isa = PBXGroup;
			children = (
				82F5198F21AA0BA7008A4DEC /* String_Spec.swift */,
			);
			path = Swift;
			sourceTree = "<group>";
		};
		G_12203CC8FD6EF46E10AD03BD331D2983 = {
			isa = PBXGroup;
			children = (
				FR_ADF4996BD631C22D6569A3CC6389AD43 /* Playground.playground */,
				8230703B21A5E0A200551BE1 /* Meta */,
				G_122253608563F5FA4600009F10443118 /* Sources */,
				8230706421A62CF500551BE1 /* Tests */,
				G_6AE9A71B7A6353943D2FE4AB0E48A2AC /* Products */,
				1203F9E9DA56D0D4FA2BB66F /* Frameworks */,
				0485105589EF5BAFCD525043 /* Pods */,
			);
			sourceTree = "<group>";
			usesTabs = 1;
		};
		G_122253608563F5FA4600009F10443118 /* Sources */ = {
			isa = PBXGroup;
			children = (
				FR_33A93D9DFBF24141D41B1FBBCDEBBDED /* Info.plist */,
				FR_FA45808725058F087CB0698522C7039B /* SwiftXtend.h */,
				82F5199121AA0E1A008A4DEC /* Global.swift */,
				82B180CB21AAD6680096F7F0 /* Classes */,
				82F5196821A96615008A4DEC /* Protocols */,
				8230704121A60E7300551BE1 /* Collections */,
				82E645B221A6E00100F676E0 /* Swift */,
				82F5197D21A9EE0C008A4DEC /* Conversions */,
				8230703C21A5FEB800551BE1 /* Operators */,
			);
			path = Sources;
			sourceTree = "<group>";
		};
		G_6AE9A71B7A6353943D2FE4AB0E48A2AC /* Products */ = {
			isa = PBXGroup;
			children = (
				FR_89FD787D53AB9B3BD829E821B8C1438E /* SwiftXtend.framework */,
				8230706321A62CF500551BE1 /* SwiftXtend-Tests.xctest */,
			);
			name = Products;
			sourceTree = "<group>";
		};
/* End PBXGroup section */

/* Begin PBXHeadersBuildPhase section */
		HBP_75B37224B9CD53E9CE3A8A7F39623CDF /* Headers */ = {
			isa = PBXHeadersBuildPhase;
			buildActionMask = 2147483647;
			files = (
				BF_B8E6FAD24D40296980B30B6452299203 /* SwiftXtend.h in Headers */,
			);
			runOnlyForDeploymentPostprocessing = 0;
		};
/* End PBXHeadersBuildPhase section */

/* Begin PBXNativeTarget section */
		8230706221A62CF500551BE1 /* SwiftXtend-Tests-iOS */ = {
			isa = PBXNativeTarget;
			buildConfigurationList = 8230706B21A62CF500551BE1 /* Build configuration list for PBXNativeTarget "SwiftXtend-Tests-iOS" */;
			buildPhases = (
				773090095A5E2CFE228F0EBA /* [CP] Check Pods Manifest.lock */,
				8230705F21A62CF500551BE1 /* Sources */,
				8230706021A62CF500551BE1 /* Frameworks */,
				8230706121A62CF500551BE1 /* Resources */,
				0435846550941841342231AB /* [CP] Embed Pods Frameworks */,
			);
			buildRules = (
			);
			dependencies = (
				8230706A21A62CF500551BE1 /* PBXTargetDependency */,
			);
			name = "SwiftXtend-Tests-iOS";
			productName = "Swifty-Tests-iOS";
			productReference = 8230706321A62CF500551BE1 /* SwiftXtend-Tests.xctest */;
			productType = "com.apple.product-type.bundle.unit-test";
		};
		NT_8FFC58ABC3FA0A08C0E9B522E7D6AAE8 /* SwiftXtend-iOS */ = {
			isa = PBXNativeTarget;
			buildConfigurationList = CL_B129FB5794D046E6FCBED62A9DB3DBE3 /* Build configuration list for PBXNativeTarget "SwiftXtend-iOS" */;
			buildPhases = (
				6EA0249B50E3A54EA8796577 /* [CP] Check Pods Manifest.lock */,
				SSBP_E3E4C25A65D50FEC1C04A5B9FD22DF34 /* SwiftLint */,
				HBP_75B37224B9CD53E9CE3A8A7F39623CDF /* Headers */,
				SBP_78C021281822AB8939DC24A802073AFA /* Sources */,
				EC81A7C39D81BA8D046502CC /* Frameworks */,
			);
			buildRules = (
			);
			dependencies = (
			);
			name = "SwiftXtend-iOS";
			productName = "Swifty-iOS";
			productReference = FR_89FD787D53AB9B3BD829E821B8C1438E /* SwiftXtend.framework */;
			productType = "com.apple.product-type.framework";
		};
/* End PBXNativeTarget section */

/* Begin PBXProject section */
		P_3834EB9500FA4BF18B1AA8EEAA275A93 /* Project object */ = {
			isa = PBXProject;
			attributes = {
				LastSwiftUpdateCheck = 1000;
				LastUpgradeCheck = 1000;
				TargetAttributes = {
					8230706221A62CF500551BE1 = {
						CreatedOnToolsVersion = 10.0;
						DevelopmentTeam = HPJLHXE7UH;
						LastSwiftMigration = 1000;
						ProvisioningStyle = Automatic;
					};
					NT_8FFC58ABC3FA0A08C0E9B522E7D6AAE8 = {
						LastSwiftMigration = 1000;
					};
				};
			};
			buildConfigurationList = CL_9D2626FA69DB319716D04D37B0138EC3 /* Build configuration list for PBXProject "SwiftXtend" */;
			compatibilityVersion = "Xcode 3.2";
			developmentRegion = en;
			hasScannedForEncodings = 0;
			knownRegions = (
				en,
			);
			mainGroup = G_12203CC8FD6EF46E10AD03BD331D2983;
			productRefGroup = G_6AE9A71B7A6353943D2FE4AB0E48A2AC /* Products */;
			projectDirPath = "";
			projectRoot = "";
			targets = (
				NT_8FFC58ABC3FA0A08C0E9B522E7D6AAE8 /* SwiftXtend-iOS */,
				8230706221A62CF500551BE1 /* SwiftXtend-Tests-iOS */,
			);
		};
/* End PBXProject section */

/* Begin PBXResourcesBuildPhase section */
		8230706121A62CF500551BE1 /* Resources */ = {
			isa = PBXResourcesBuildPhase;
			buildActionMask = 2147483647;
			files = (
			);
			runOnlyForDeploymentPostprocessing = 0;
		};
/* End PBXResourcesBuildPhase section */

/* Begin PBXShellScriptBuildPhase section */
		0435846550941841342231AB /* [CP] Embed Pods Frameworks */ = {
			isa = PBXShellScriptBuildPhase;
			buildActionMask = 2147483647;
			files = (
			);
			inputPaths = (
				"${SRCROOT}/Pods/Target Support Files/Pods-SwiftXtend-Tests-iOS/Pods-SwiftXtend-Tests-iOS-frameworks.sh",
				"${BUILT_PRODUCTS_DIR}/Nimble/Nimble.framework",
				"${BUILT_PRODUCTS_DIR}/Quick/Quick.framework",
			);
			name = "[CP] Embed Pods Frameworks";
			outputPaths = (
				"${TARGET_BUILD_DIR}/${FRAMEWORKS_FOLDER_PATH}/Nimble.framework",
				"${TARGET_BUILD_DIR}/${FRAMEWORKS_FOLDER_PATH}/Quick.framework",
			);
			runOnlyForDeploymentPostprocessing = 0;
			shellPath = /bin/sh;
			shellScript = "\"${SRCROOT}/Pods/Target Support Files/Pods-SwiftXtend-Tests-iOS/Pods-SwiftXtend-Tests-iOS-frameworks.sh\"\n";
			showEnvVarsInLog = 0;
		};
		6EA0249B50E3A54EA8796577 /* [CP] Check Pods Manifest.lock */ = {
			isa = PBXShellScriptBuildPhase;
			buildActionMask = 2147483647;
			files = (
			);
			inputPaths = (
				"${PODS_PODFILE_DIR_PATH}/Podfile.lock",
				"${PODS_ROOT}/Manifest.lock",
			);
			name = "[CP] Check Pods Manifest.lock";
			outputPaths = (
				"$(DERIVED_FILE_DIR)/Pods-SwiftXtend-iOS-checkManifestLockResult.txt",
			);
			runOnlyForDeploymentPostprocessing = 0;
			shellPath = /bin/sh;
			shellScript = "diff \"${PODS_PODFILE_DIR_PATH}/Podfile.lock\" \"${PODS_ROOT}/Manifest.lock\" > /dev/null\nif [ $? != 0 ] ; then\n    # print error to STDERR\n    echo \"error: The sandbox is not in sync with the Podfile.lock. Run 'pod install' or update your CocoaPods installation.\" >&2\n    exit 1\nfi\n# This output is used by Xcode 'outputs' to avoid re-running this script phase.\necho \"SUCCESS\" > \"${SCRIPT_OUTPUT_FILE_0}\"\n";
			showEnvVarsInLog = 0;
		};
		773090095A5E2CFE228F0EBA /* [CP] Check Pods Manifest.lock */ = {
			isa = PBXShellScriptBuildPhase;
			buildActionMask = 2147483647;
			files = (
			);
			inputPaths = (
				"${PODS_PODFILE_DIR_PATH}/Podfile.lock",
				"${PODS_ROOT}/Manifest.lock",
			);
			name = "[CP] Check Pods Manifest.lock";
			outputPaths = (
				"$(DERIVED_FILE_DIR)/Pods-SwiftXtend-Tests-iOS-checkManifestLockResult.txt",
			);
			runOnlyForDeploymentPostprocessing = 0;
			shellPath = /bin/sh;
			shellScript = "diff \"${PODS_PODFILE_DIR_PATH}/Podfile.lock\" \"${PODS_ROOT}/Manifest.lock\" > /dev/null\nif [ $? != 0 ] ; then\n    # print error to STDERR\n    echo \"error: The sandbox is not in sync with the Podfile.lock. Run 'pod install' or update your CocoaPods installation.\" >&2\n    exit 1\nfi\n# This output is used by Xcode 'outputs' to avoid re-running this script phase.\necho \"SUCCESS\" > \"${SCRIPT_OUTPUT_FILE_0}\"\n";
			showEnvVarsInLog = 0;
		};
		SSBP_E3E4C25A65D50FEC1C04A5B9FD22DF34 /* SwiftLint */ = {
			isa = PBXShellScriptBuildPhase;
			buildActionMask = 2147483647;
			files = (
			);
			inputPaths = (
			);
			name = SwiftLint;
			outputPaths = (
			);
			runOnlyForDeploymentPostprocessing = 0;
			shellPath = /bin/sh;
			shellScript = "${PODS_ROOT}/SwiftLint/swiftlint";
		};
/* End PBXShellScriptBuildPhase section */

/* Begin PBXSourcesBuildPhase section */
		8230705F21A62CF500551BE1 /* Sources */ = {
			isa = PBXSourcesBuildPhase;
			buildActionMask = 2147483647;
			files = (
				82F5197421A9CBF5008A4DEC /* Array_Spec.swift in Sources */,
				82E645A921A6307D00F676E0 /* Similar_Spec.swift in Sources */,
				82B180D221AAF14C0096F7F0 /* Geohash_Spec.swift in Sources */,
				82F5199021AA0BA7008A4DEC /* String_Spec.swift in Sources */,
			);
			runOnlyForDeploymentPostprocessing = 0;
		};
		SBP_78C021281822AB8939DC24A802073AFA /* Sources */ = {
			isa = PBXSourcesBuildPhase;
			buildActionMask = 2147483647;
			files = (
				82E645AF21A6CCDD00F676E0 /* Swift+Randomizable.swift in Sources */,
				825C1E2821AC3CE90080D384 /* CG+Interpolable.swift in Sources */,
				82B180D821AAFBFB0096F7F0 /* Hash.swift in Sources */,
				82B180D421AAF5210096F7F0 /* Ticker.swift in Sources */,
				82F5198921A9F2E3008A4DEC /* Decimal+Conversion.swift in Sources */,
				8230704721A612CA00551BE1 /* Set.swift in Sources */,
				82E645B421A6E01B00F676E0 /* String.swift in Sources */,
				82E645BB21A6E60A00F676E0 /* Range+Randomizable.swift in Sources */,
				82E645C121A754B000F676E0 /* UInt.swift in Sources */,
				82F5198521A9F27F008A4DEC /* Float+Conversion.swift in Sources */,
				82E645C721A7550C00F676E0 /* Decimal.swift in Sources */,
				82F5199321AA0F31008A4DEC /* Global.swift in Sources */,
				825C1E2C21AC436F0080D384 /* CG+Similar.swift in Sources */,
				8230704321A60E8B00551BE1 /* Array.swift in Sources */,
				82F5198B21A9FD50008A4DEC /* DispatchQueue.swift in Sources */,
				8230703E21A5FECE00551BE1 /* Similar.swift in Sources */,
				8230704021A6006700551BE1 /* Swift+Similar.swift in Sources */,
				82B180CF21AAD9F00096F7F0 /* Geohash.swift in Sources */,
				82F5197A21A9E3B5008A4DEC /* Calendar.swift in Sources */,
				82E645B121A6CDA100F676E0 /* Collection+Randomizable.swift in Sources */,
				82F5196721A959A2008A4DEC /* Bundle.swift in Sources */,
				82F5196F21A9683B008A4DEC /* Swift+Initializable.swift in Sources */,
				82F5198321A9F196008A4DEC /* Int+Conversion.swift in Sources */,
				82F5196A21A96627008A4DEC /* Identifiable.swift in Sources */,
				82D6371A21AEDCBF001B3E30 /* NSWrapper.swift in Sources */,
				828727E621AD339A00819150 /* UIKit+Randomizable.swift in Sources */,
				82E645C321A754D300F676E0 /* Float.swift in Sources */,
				82F5198121A9F14D008A4DEC /* Bool+Conversion.swift in Sources */,
				825C1E2A21AC3F930080D384 /* UIKit+Interpolable.swift in Sources */,
				8230704521A612A600551BE1 /* LazyCollection.swift in Sources */,
				82B180D621AAF9BC0096F7F0 /* Either.swift in Sources */,
				82F5196D21A96832008A4DEC /* Initializable.swift in Sources */,
				82F5196321A91E29008A4DEC /* Swift+Interpolable.swift in Sources */,
				82B180CD21AAD6F70096F7F0 /* Pair.swift in Sources */,
				82F5197C21A9E81E008A4DEC /* TimeZone.swift in Sources */,
				8230704921A612E700551BE1 /* Dictionary.swift in Sources */,
				82F5197821A9D4E3008A4DEC /* Bool.swift in Sources */,
				82F5197F21A9EF14008A4DEC /* UInt+Conversion.swift in Sources */,
				82E645BF21A752BE00F676E0 /* Int.swift in Sources */,
				82E645AD21A6CC7000F676E0 /* Randomizable.swift in Sources */,
				82E645C521A754EF00F676E0 /* Double.swift in Sources */,
				82F5196521A920B7008A4DEC /* Date.swift in Sources */,
				82F5196121A89290008A4DEC /* Interpolable.swift in Sources */,
				82F5198721A9F2B2008A4DEC /* Double+Conversion.swift in Sources */,
				82F5198D21A9FF41008A4DEC /* IndexPath.swift in Sources */,
				825C1E3221AC43DE0080D384 /* UIKit+Similar.swift in Sources */,
				82E645BD21A6ECA900F676E0 /* Range.swift in Sources */,
			);
			runOnlyForDeploymentPostprocessing = 0;
		};
/* End PBXSourcesBuildPhase section */

/* Begin PBXTargetDependency section */
		8230706A21A62CF500551BE1 /* PBXTargetDependency */ = {
			isa = PBXTargetDependency;
			target = NT_8FFC58ABC3FA0A08C0E9B522E7D6AAE8 /* SwiftXtend-iOS */;
			targetProxy = 8230706921A62CF500551BE1 /* PBXContainerItemProxy */;
		};
/* End PBXTargetDependency section */

/* Begin XCBuildConfiguration section */
		8230706C21A62CF500551BE1 /* Debug */ = {
			isa = XCBuildConfiguration;
			baseConfigurationReference = 3ABCF013B323D3945EC4EFA8 /* Pods-SwiftXtend-Tests-iOS.debug.xcconfig */;
			buildSettings = {
				CLANG_ENABLE_MODULES = YES;
				CLANG_ENABLE_OBJC_WEAK = YES;
				CODE_SIGN_IDENTITY = "iPhone Developer";
				CODE_SIGN_STYLE = Automatic;
				DEVELOPMENT_TEAM = HPJLHXE7UH;
				GCC_PREPROCESSOR_DEFINITIONS = (
					"DEBUG=1",
					"$(inherited)",
				);
				INFOPLIST_FILE = Tests/Info.plist;
				IPHONEOS_DEPLOYMENT_TARGET = 12.0;
				LD_RUNPATH_SEARCH_PATHS = "$(inherited) @executable_path/Frameworks @loader_path/Frameworks";
				MTL_ENABLE_DEBUG_INFO = INCLUDE_SOURCE;
				MTL_FAST_MATH = YES;
				PRODUCT_BUNDLE_IDENTIFIER = "com.iDonJose.Swifty-Tests-iOS";
				PRODUCT_NAME = "SwiftXtend-Tests";
				SWIFT_OPTIMIZATION_LEVEL = "-Onone";
				SWIFT_VERSION = 4.2;
				TARGETED_DEVICE_FAMILY = "1,2";
			};
			name = Debug;
		};
		8230706D21A62CF500551BE1 /* Release */ = {
			isa = XCBuildConfiguration;
			baseConfigurationReference = A2F57FBB04938C73852B989F /* Pods-SwiftXtend-Tests-iOS.release.xcconfig */;
			buildSettings = {
				CLANG_ENABLE_MODULES = YES;
				CLANG_ENABLE_OBJC_WEAK = YES;
				CODE_SIGN_IDENTITY = "iPhone Developer";
				CODE_SIGN_STYLE = Automatic;
				DEVELOPMENT_TEAM = HPJLHXE7UH;
				INFOPLIST_FILE = Tests/Info.plist;
				IPHONEOS_DEPLOYMENT_TARGET = 12.0;
				LD_RUNPATH_SEARCH_PATHS = "$(inherited) @executable_path/Frameworks @loader_path/Frameworks";
				MTL_ENABLE_DEBUG_INFO = NO;
				MTL_FAST_MATH = YES;
				PRODUCT_BUNDLE_IDENTIFIER = "com.iDonJose.Swifty-Tests-iOS";
				PRODUCT_NAME = "SwiftXtend-Tests";
				SWIFT_VERSION = 4.2;
				TARGETED_DEVICE_FAMILY = "1,2";
			};
			name = Release;
		};
		BC_274035A0D776364EFA8C3ECFDF43EA65 /* Release */ = {
			isa = XCBuildConfiguration;
			buildSettings = {
				ALWAYS_SEARCH_USER_PATHS = NO;
				CLANG_ANALYZER_NONNULL = YES;
				CLANG_ANALYZER_NUMBER_OBJECT_CONVERSION = YES_AGGRESSIVE;
				CLANG_CXX_LANGUAGE_STANDARD = "gnu++14";
				CLANG_CXX_LIBRARY = "libc++";
				CLANG_ENABLE_MODULES = YES;
				CLANG_ENABLE_OBJC_ARC = YES;
				CLANG_WARN_BLOCK_CAPTURE_AUTORELEASING = YES;
				CLANG_WARN_BOOL_CONVERSION = YES;
				CLANG_WARN_COMMA = YES;
				CLANG_WARN_CONSTANT_CONVERSION = YES;
				CLANG_WARN_DEPRECATED_OBJC_IMPLEMENTATIONS = YES;
				CLANG_WARN_DIRECT_OBJC_ISA_USAGE = YES_ERROR;
				CLANG_WARN_DOCUMENTATION_COMMENTS = YES;
				CLANG_WARN_EMPTY_BODY = YES;
				CLANG_WARN_ENUM_CONVERSION = YES;
				CLANG_WARN_INFINITE_RECURSION = YES;
				CLANG_WARN_INT_CONVERSION = YES;
				CLANG_WARN_NON_LITERAL_NULL_CONVERSION = YES;
				CLANG_WARN_OBJC_IMPLICIT_RETAIN_SELF = YES;
				CLANG_WARN_OBJC_LITERAL_CONVERSION = YES;
				CLANG_WARN_OBJC_ROOT_CLASS = YES_ERROR;
				CLANG_WARN_RANGE_LOOP_ANALYSIS = YES;
				CLANG_WARN_STRICT_PROTOTYPES = YES;
				CLANG_WARN_SUSPICIOUS_MOVE = YES;
				CLANG_WARN_UNGUARDED_AVAILABILITY = YES_AGGRESSIVE;
				CLANG_WARN_UNREACHABLE_CODE = YES;
				CLANG_WARN__DUPLICATE_METHOD_MATCH = YES;
				COPY_PHASE_STRIP = NO;
				DEBUG_INFORMATION_FORMAT = "dwarf-with-dsym";
				ENABLE_NS_ASSERTIONS = NO;
				ENABLE_STRICT_OBJC_MSGSEND = YES;
				GCC_C_LANGUAGE_STANDARD = gnu11;
				GCC_NO_COMMON_BLOCKS = YES;
				GCC_WARN_64_TO_32_BIT_CONVERSION = YES;
				GCC_WARN_ABOUT_RETURN_TYPE = YES_ERROR;
				GCC_WARN_UNDECLARED_SELECTOR = YES;
				GCC_WARN_UNINITIALIZED_AUTOS = YES_AGGRESSIVE;
				GCC_WARN_UNUSED_FUNCTION = YES;
				GCC_WARN_UNUSED_VARIABLE = YES;
				IPHONEOS_DEPLOYMENT_TARGET = 8.0;
				PRODUCT_NAME = "$(TARGET_NAME)";
				SDKROOT = iphoneos;
				SWIFT_OPTIMIZATION_LEVEL = "-Owholemodule";
				SWIFT_VERSION = 4.2;
				VALIDATE_PRODUCT = YES;
			};
			name = Release;
		};
		BC_7A1FF19D5F041B982A78E15D5C07ADF9 /* Release */ = {
			isa = XCBuildConfiguration;
			baseConfigurationReference = DD59F9B03FB15F0DAFC51568 /* Pods-SwiftXtend-iOS.release.xcconfig */;
			buildSettings = {
				CLANG_ENABLE_MODULES = YES;
				CODE_SIGN_IDENTITY = "";
				CURRENT_PROJECT_VERSION = 1;
				DEFINES_MODULE = YES;
				DYLIB_COMPATIBILITY_VERSION = 1;
				DYLIB_CURRENT_VERSION = 1;
				DYLIB_INSTALL_NAME_BASE = "@rpath";
				INFOPLIST_FILE = Sources/Info.plist;
				INSTALL_PATH = "$(LOCAL_LIBRARY_DIR)/Frameworks";
				LD_RUNPATH_SEARCH_PATHS = "$(inherited) @executable_path/Frameworks";
				PRODUCT_BUNDLE_IDENTIFIER = "com.iDonJose.SwiftXtend-iOS";
				PRODUCT_NAME = SwiftXtend;
				SDKROOT = iphoneos;
				SKIP_INSTALL = YES;
				SWIFT_VERSION = 4.2;
				TARGETED_DEVICE_FAMILY = "1,2";
				VERSIONING_SYSTEM = "apple-generic";
			};
			name = Release;
		};
		BC_D4110C1B9CCC926F41D5B4F6EB4A3BC9 /* Debug */ = {
			isa = XCBuildConfiguration;
			buildSettings = {
				ALWAYS_SEARCH_USER_PATHS = NO;
				CLANG_ANALYZER_NONNULL = YES;
				CLANG_ANALYZER_NUMBER_OBJECT_CONVERSION = YES_AGGRESSIVE;
				CLANG_CXX_LANGUAGE_STANDARD = "gnu++14";
				CLANG_CXX_LIBRARY = "libc++";
				CLANG_ENABLE_MODULES = YES;
				CLANG_ENABLE_OBJC_ARC = YES;
				CLANG_WARN_BLOCK_CAPTURE_AUTORELEASING = YES;
				CLANG_WARN_BOOL_CONVERSION = YES;
				CLANG_WARN_COMMA = YES;
				CLANG_WARN_CONSTANT_CONVERSION = YES;
				CLANG_WARN_DEPRECATED_OBJC_IMPLEMENTATIONS = YES;
				CLANG_WARN_DIRECT_OBJC_ISA_USAGE = YES_ERROR;
				CLANG_WARN_DOCUMENTATION_COMMENTS = YES;
				CLANG_WARN_EMPTY_BODY = YES;
				CLANG_WARN_ENUM_CONVERSION = YES;
				CLANG_WARN_INFINITE_RECURSION = YES;
				CLANG_WARN_INT_CONVERSION = YES;
				CLANG_WARN_NON_LITERAL_NULL_CONVERSION = YES;
				CLANG_WARN_OBJC_IMPLICIT_RETAIN_SELF = YES;
				CLANG_WARN_OBJC_LITERAL_CONVERSION = YES;
				CLANG_WARN_OBJC_ROOT_CLASS = YES_ERROR;
				CLANG_WARN_RANGE_LOOP_ANALYSIS = YES;
				CLANG_WARN_STRICT_PROTOTYPES = YES;
				CLANG_WARN_SUSPICIOUS_MOVE = YES;
				CLANG_WARN_UNGUARDED_AVAILABILITY = YES_AGGRESSIVE;
				CLANG_WARN_UNREACHABLE_CODE = YES;
				CLANG_WARN__DUPLICATE_METHOD_MATCH = YES;
				COPY_PHASE_STRIP = NO;
				DEBUG_INFORMATION_FORMAT = dwarf;
				ENABLE_STRICT_OBJC_MSGSEND = YES;
				ENABLE_TESTABILITY = YES;
				GCC_C_LANGUAGE_STANDARD = gnu11;
				GCC_DYNAMIC_NO_PIC = NO;
				GCC_NO_COMMON_BLOCKS = YES;
				GCC_OPTIMIZATION_LEVEL = 0;
				GCC_PREPROCESSOR_DEFINITIONS = (
					"$(inherited)",
					"DEBUG=1",
				);
				GCC_WARN_64_TO_32_BIT_CONVERSION = YES;
				GCC_WARN_ABOUT_RETURN_TYPE = YES_ERROR;
				GCC_WARN_UNDECLARED_SELECTOR = YES;
				GCC_WARN_UNINITIALIZED_AUTOS = YES_AGGRESSIVE;
				GCC_WARN_UNUSED_FUNCTION = YES;
				GCC_WARN_UNUSED_VARIABLE = YES;
				IPHONEOS_DEPLOYMENT_TARGET = 8.0;
				MTL_ENABLE_DEBUG_INFO = YES;
				ONLY_ACTIVE_ARCH = YES;
				PRODUCT_NAME = "$(TARGET_NAME)";
				SDKROOT = iphoneos;
				SWIFT_ACTIVE_COMPILATION_CONDITIONS = DEBUG;
				SWIFT_OPTIMIZATION_LEVEL = "-Onone";
				SWIFT_VERSION = 4.2;
			};
			name = Debug;
		};
		BC_FE506AD595F157F7CAB774FBCB80CE4C /* Debug */ = {
			isa = XCBuildConfiguration;
			baseConfigurationReference = 66A8DDB16546E4F8584FDF3B /* Pods-SwiftXtend-iOS.debug.xcconfig */;
			buildSettings = {
				CLANG_ENABLE_MODULES = YES;
				CODE_SIGN_IDENTITY = "";
				CURRENT_PROJECT_VERSION = 1;
				DEFINES_MODULE = YES;
				DYLIB_COMPATIBILITY_VERSION = 1;
				DYLIB_CURRENT_VERSION = 1;
				DYLIB_INSTALL_NAME_BASE = "@rpath";
				GCC_PREPROCESSOR_DEFINITIONS = (
					"$(inherited)",
					"COCOAPODS=1",
				);
				INFOPLIST_FILE = Sources/Info.plist;
				INSTALL_PATH = "$(LOCAL_LIBRARY_DIR)/Frameworks";
				LD_RUNPATH_SEARCH_PATHS = "$(inherited) @executable_path/Frameworks";
				OTHER_SWIFT_FLAGS = "$(inherited) -D COCOAPODS -Xfrontend -warn-long-function-bodies=100 -Xfrontend -warn-long-expression-type-checking=100 -D USE_UIKIT";
				PRODUCT_BUNDLE_IDENTIFIER = "com.iDonJose.SwiftXtend-iOS";
				PRODUCT_NAME = SwiftXtend;
				SDKROOT = iphoneos;
				SKIP_INSTALL = YES;
				SWIFT_OPTIMIZATION_LEVEL = "-Onone";
				SWIFT_VERSION = 4.2;
				TARGETED_DEVICE_FAMILY = "1,2";
				VERSIONING_SYSTEM = "apple-generic";
			};
			name = Debug;
		};
/* End XCBuildConfiguration section */

/* Begin XCConfigurationList section */
		8230706B21A62CF500551BE1 /* Build configuration list for PBXNativeTarget "SwiftXtend-Tests-iOS" */ = {
			isa = XCConfigurationList;
			buildConfigurations = (
				8230706C21A62CF500551BE1 /* Debug */,
				8230706D21A62CF500551BE1 /* Release */,
			);
			defaultConfigurationIsVisible = 0;
			defaultConfigurationName = Debug;
		};
		CL_9D2626FA69DB319716D04D37B0138EC3 /* Build configuration list for PBXProject "SwiftXtend" */ = {
			isa = XCConfigurationList;
			buildConfigurations = (
				BC_D4110C1B9CCC926F41D5B4F6EB4A3BC9 /* Debug */,
				BC_274035A0D776364EFA8C3ECFDF43EA65 /* Release */,
			);
			defaultConfigurationIsVisible = 0;
			defaultConfigurationName = Debug;
		};
		CL_B129FB5794D046E6FCBED62A9DB3DBE3 /* Build configuration list for PBXNativeTarget "SwiftXtend-iOS" */ = {
			isa = XCConfigurationList;
			buildConfigurations = (
				BC_FE506AD595F157F7CAB774FBCB80CE4C /* Debug */,
				BC_7A1FF19D5F041B982A78E15D5C07ADF9 /* Release */,
			);
			defaultConfigurationIsVisible = 0;
			defaultConfigurationName = "";
		};
/* End XCConfigurationList section */
	};
	rootObject = P_3834EB9500FA4BF18B1AA8EEAA275A93 /* Project object */;
}
